
Microsoft Visual Studio Solution File, Format Version 12.00
# Visual Studio Version 17
VisualStudioVersion = 17.8.34330.188
MinimumVisualStudioVersion = 10.0.40219.1
Project("{8BC9CEB8-8B4A-11D0-8D11-00A0C91BC942}") = "L6", "L6.vcxproj", "{381A97F5-CF94-48AB-99C7-E6AD57EA55A3}"
EndProject
Global
	GlobalSection(SolutionConfigurationPlatforms) = preSolution
		Debug|x64 = Debug|x64
		Debug|x86 = Debug|x86
		Release|x64 = Release|x64
		Release|x86 = Release|x86
	EndGlobalSection
	GlobalSection(ProjectConfigurationPlatforms) = postSolution
		{381A97F5-CF94-48AB-99C7-E6AD57EA55A3}.Debug|x64.ActiveCfg = Debug|x64
		{381A97F5-CF94-48AB-99C7-E6AD57EA55A3}.Debug|x64.Build.0 = Debug|x64
		{381A97F5-CF94-48AB-99C7-E6AD57EA55A3}.Debug|x86.ActiveCfg = Debug|Win32
		{381A97F5-CF94-48AB-99C7-E6AD57EA55A3}.Debug|x86.Build.0 = Debug|Win32
		{381A97F5-CF94-48AB-99C7-E6AD57EA55A3}.Release|x64.ActiveCfg = Release|x64
		{381A97F5-CF94-48AB-99C7-E6AD57EA55A3}.Release|x64.Build.0 = Release|x64
		{381A97F5-CF94-48AB-99C7-E6AD57EA55A3}.Release|x86.ActiveCfg = Release|Win32
		{381A97F5-CF94-48AB-99C7-E6AD57EA55A3}.Release|x86.Build.0 = Release|Win32
	EndGlobalSection
	GlobalSection(SolutionProperties) = preSolution
		HideSolutionNode = FALSE
	EndGlobalSection
	GlobalSection(ExtensibilityGlobals) = postSolution
		SolutionGuid = {73629468-E1A1-4876-93B3-BEFA91073329}
	EndGlobalSection
EndGlobal
